
Microsoft Visual Studio Solution File, Format Version 12.00
# Visual Studio Version 17
VisualStudioVersion = 17.1.32328.378
MinimumVisualStudioVersion = 10.0.40219.1
Project("{FAE04EC0-301F-11D3-BF4B-00C04F79EFBC}") = "Weather Application", "Weather Application\Weather Application.csproj", "{1E576998-801D-4640-84E8-17C784015E8A}"
EndProject
Global
	GlobalSection(SolutionConfigurationPlatforms) = preSolution
		Debug|Any CPU = Debug|Any CPU
		Release|Any CPU = Release|Any CPU
	EndGlobalSection
	GlobalSection(ProjectConfigurationPlatforms) = postSolution
		{1E576998-801D-4640-84E8-17C784015E8A}.Debug|Any CPU.ActiveCfg = Debug|Any CPU
		{1E576998-801D-4640-84E8-17C784015E8A}.Debug|Any CPU.Build.0 = Debug|Any CPU
		{1E576998-801D-4640-84E8-17C784015E8A}.Release|Any CPU.ActiveCfg = Release|Any CPU
		{1E576998-801D-4640-84E8-17C784015E8A}.Release|Any CPU.Build.0 = Release|Any CPU
	EndGlobalSection
	GlobalSection(SolutionProperties) = preSolution
		HideSolutionNode = FALSE
	EndGlobalSection
	GlobalSection(ExtensibilityGlobals) = postSolution
		SolutionGuid = {3E73EFC8-0C74-401B-8C34-41C7A96B3312}
	EndGlobalSection
EndGlobal
